
Microsoft Visual Studio Solution File, Format Version 12.00
Project("{FAE04EC0-301F-11D3-BF4B-00C04F79EFBC}") = "Api", "Api\Api.csproj", "{91AA83A6-A78A-4478-B63F-CCEA1F80EF58}"
EndProject
Project("{FAE04EC0-301F-11D3-BF4B-00C04F79EFBC}") = "Application", "Application\Application.csproj", "{0D238A16-BC72-4F7C-A532-89673F12F931}"
EndProject
Project("{FAE04EC0-301F-11D3-BF4B-00C04F79EFBC}") = "Domain", "Domain\Domain.csproj", "{7A5FEF96-A1FD-4794-AE88-742B8347C37E}"
EndProject
Project("{FAE04EC0-301F-11D3-BF4B-00C04F79EFBC}") = "Infrastructure", "Infrastructure\Infrastructure.csproj", "{65CF7047-5188-4D93-B03D-6282D8995E1B}"
EndProject
Global
	GlobalSection(SolutionConfigurationPlatforms) = preSolution
		Debug|Any CPU = Debug|Any CPU
		Release|Any CPU = Release|Any CPU
	EndGlobalSection
	GlobalSection(ProjectConfigurationPlatforms) = postSolution
		{91AA83A6-A78A-4478-B63F-CCEA1F80EF58}.Debug|Any CPU.ActiveCfg = Debug|Any CPU
		{91AA83A6-A78A-4478-B63F-CCEA1F80EF58}.Debug|Any CPU.Build.0 = Debug|Any CPU
		{91AA83A6-A78A-4478-B63F-CCEA1F80EF58}.Release|Any CPU.ActiveCfg = Release|Any CPU
		{91AA83A6-A78A-4478-B63F-CCEA1F80EF58}.Release|Any CPU.Build.0 = Release|Any CPU
		{0D238A16-BC72-4F7C-A532-89673F12F931}.Debug|Any CPU.ActiveCfg = Debug|Any CPU
		{0D238A16-BC72-4F7C-A532-89673F12F931}.Debug|Any CPU.Build.0 = Debug|Any CPU
		{0D238A16-BC72-4F7C-A532-89673F12F931}.Release|Any CPU.ActiveCfg = Release|Any CPU
		{0D238A16-BC72-4F7C-A532-89673F12F931}.Release|Any CPU.Build.0 = Release|Any CPU
		{7A5FEF96-A1FD-4794-AE88-742B8347C37E}.Debug|Any CPU.ActiveCfg = Debug|Any CPU
		{7A5FEF96-A1FD-4794-AE88-742B8347C37E}.Debug|Any CPU.Build.0 = Debug|Any CPU
		{7A5FEF96-A1FD-4794-AE88-742B8347C37E}.Release|Any CPU.ActiveCfg = Release|Any CPU
		{7A5FEF96-A1FD-4794-AE88-742B8347C37E}.Release|Any CPU.Build.0 = Release|Any CPU
		{65CF7047-5188-4D93-B03D-6282D8995E1B}.Debug|Any CPU.ActiveCfg = Debug|Any CPU
		{65CF7047-5188-4D93-B03D-6282D8995E1B}.Debug|Any CPU.Build.0 = Debug|Any CPU
		{65CF7047-5188-4D93-B03D-6282D8995E1B}.Release|Any CPU.ActiveCfg = Release|Any CPU
		{65CF7047-5188-4D93-B03D-6282D8995E1B}.Release|Any CPU.Build.0 = Release|Any CPU
	EndGlobalSection
EndGlobal
